
Microsoft Visual Studio Solution File, Format Version 12.00
# Visual Studio Version 16
VisualStudioVersion = 16.0.30128.74
MinimumVisualStudioVersion = 10.0.40219.1
Project("{9A19103F-16F7-4668-BE54-9A1E7A4F7556}") = "EmployeeManagement", "EmployeeManagement.csproj", "{DA505D07-FE45-4DB3-BFE0-C3A8B90C4D4A}"
EndProject
Global
	GlobalSection(SolutionConfigurationPlatforms) = preSolution
		Debug|Any CPU = Debug|Any CPU
		Release|Any CPU = Release|Any CPU
	EndGlobalSection
	GlobalSection(ProjectConfigurationPlatforms) = postSolution
		{DA505D07-FE45-4DB3-BFE0-C3A8B90C4D4A}.Debug|Any CPU.ActiveCfg = Debug|Any CPU
		{DA505D07-FE45-4DB3-BFE0-C3A8B90C4D4A}.Debug|Any CPU.Build.0 = Debug|Any CPU
		{DA505D07-FE45-4DB3-BFE0-C3A8B90C4D4A}.Release|Any CPU.ActiveCfg = Release|Any CPU
		{DA505D07-FE45-4DB3-BFE0-C3A8B90C4D4A}.Release|Any CPU.Build.0 = Release|Any CPU
	EndGlobalSection
	GlobalSection(SolutionProperties) = preSolution
		HideSolutionNode = FALSE
	EndGlobalSection
	GlobalSection(ExtensibilityGlobals) = postSolution
		SolutionGuid = {6A6094DC-A6A2-489D-856D-23CC3C228536}
	EndGlobalSection
EndGlobal
